
Microsoft Visual Studio Solution File, Format Version 12.00
# Visual Studio Version 17
VisualStudioVersion = 17.13.35828.75 d17.13
MinimumVisualStudioVersion = 10.0.40219.1
Project("{FAE04EC0-301F-11D3-BF4B-00C04F79EFBC}") = "WinFormsApp1", "WinFormsApp1\WinFormsApp1.csproj", "{3A7B4840-4CBD-448A-BB8D-340E0B485FCC}"
EndProject
Global
	GlobalSection(SolutionConfigurationPlatforms) = preSolution
		Debug|Any CPU = Debug|Any CPU
		Release|Any CPU = Release|Any CPU
	EndGlobalSection
	GlobalSection(ProjectConfigurationPlatforms) = postSolution
		{3A7B4840-4CBD-448A-BB8D-340E0B485FCC}.Debug|Any CPU.ActiveCfg = Debug|Any CPU
		{3A7B4840-4CBD-448A-BB8D-340E0B485FCC}.Debug|Any CPU.Build.0 = Debug|Any CPU
		{3A7B4840-4CBD-448A-BB8D-340E0B485FCC}.Release|Any CPU.ActiveCfg = Release|Any CPU
		{3A7B4840-4CBD-448A-BB8D-340E0B485FCC}.Release|Any CPU.Build.0 = Release|Any CPU
	EndGlobalSection
	GlobalSection(SolutionProperties) = preSolution
		HideSolutionNode = FALSE
	EndGlobalSection
	GlobalSection(ExtensibilityGlobals) = postSolution
		SolutionGuid = {A8F19650-7357-4AB4-BD66-9151B1829AE8}
	EndGlobalSection
EndGlobal
